
Microsoft Visual Studio Solution File, Format Version 12.00
# Visual Studio 14
VisualStudioVersion = 14.0.25420.1
MinimumVisualStudioVersion = 10.0.40219.1
Project("{FAE04EC0-301F-11D3-BF4B-00C04F79EFBC}") = "MessageStreamManager", "MessageStreamManager\MessageStreamManager.csproj", "{2849515A-0B4C-4BFB-9713-5BCEBC86E680}"
EndProject
Project("{FAE04EC0-301F-11D3-BF4B-00C04F79EFBC}") = "MessageStreamNexus", "MessageStreamNexus\MessageStreamNexus.csproj", "{BE4930B8-FC05-4E9F-91C7-B2BCF66142FE}"
EndProject
Project("{FAE04EC0-301F-11D3-BF4B-00C04F79EFBC}") = "OrderNexus", "OrderNexus\OrderNexus.csproj", "{29372EA3-7CFF-4163-BB7B-0F76F6F136E0}"
EndProject
Global
	GlobalSection(Performance) = preSolution
		HasPerformanceSessions = true
	EndGlobalSection
	GlobalSection(SolutionConfigurationPlatforms) = preSolution
		Debug|Any CPU = Debug|Any CPU
		Release|Any CPU = Release|Any CPU
	EndGlobalSection
	GlobalSection(ProjectConfigurationPlatforms) = postSolution
		{2849515A-0B4C-4BFB-9713-5BCEBC86E680}.Debug|Any CPU.ActiveCfg = Debug|Any CPU
		{2849515A-0B4C-4BFB-9713-5BCEBC86E680}.Debug|Any CPU.Build.0 = Debug|Any CPU
		{2849515A-0B4C-4BFB-9713-5BCEBC86E680}.Release|Any CPU.ActiveCfg = Release|Any CPU
		{2849515A-0B4C-4BFB-9713-5BCEBC86E680}.Release|Any CPU.Build.0 = Release|Any CPU
		{BE4930B8-FC05-4E9F-91C7-B2BCF66142FE}.Debug|Any CPU.ActiveCfg = Debug|Any CPU
		{BE4930B8-FC05-4E9F-91C7-B2BCF66142FE}.Debug|Any CPU.Build.0 = Debug|Any CPU
		{BE4930B8-FC05-4E9F-91C7-B2BCF66142FE}.Release|Any CPU.ActiveCfg = Release|Any CPU
		{BE4930B8-FC05-4E9F-91C7-B2BCF66142FE}.Release|Any CPU.Build.0 = Release|Any CPU
		{29372EA3-7CFF-4163-BB7B-0F76F6F136E0}.Debug|Any CPU.ActiveCfg = Debug|Any CPU
		{29372EA3-7CFF-4163-BB7B-0F76F6F136E0}.Debug|Any CPU.Build.0 = Debug|Any CPU
		{29372EA3-7CFF-4163-BB7B-0F76F6F136E0}.Release|Any CPU.ActiveCfg = Release|Any CPU
		{29372EA3-7CFF-4163-BB7B-0F76F6F136E0}.Release|Any CPU.Build.0 = Release|Any CPU
	EndGlobalSection
	GlobalSection(SolutionProperties) = preSolution
		HideSolutionNode = FALSE
	EndGlobalSection
EndGlobal
