
Microsoft Visual Studio Solution File, Format Version 12.00
# Visual Studio 14
VisualStudioVersion = 14.0.25420.1
MinimumVisualStudioVersion = 10.0.40219.1
Project("{FAE04EC0-301F-11D3-BF4B-00C04F79EFBC}") = "FromFileToTcp", "FromFileToTcp\FromFileToTcp.csproj", "{761245C6-FBA4-499E-B16C-9E7A834430F8}"
EndProject
Project("{FAE04EC0-301F-11D3-BF4B-00C04F79EFBC}") = "TcpListener", "TcpListener\TcpListener.csproj", "{0EC97C53-7374-4A8E-AC6E-CC47B6B09501}"
EndProject
Global
	GlobalSection(SolutionConfigurationPlatforms) = preSolution
		Debug|Any CPU = Debug|Any CPU
		Release|Any CPU = Release|Any CPU
	EndGlobalSection
	GlobalSection(ProjectConfigurationPlatforms) = postSolution
		{761245C6-FBA4-499E-B16C-9E7A834430F8}.Debug|Any CPU.ActiveCfg = Debug|Any CPU
		{761245C6-FBA4-499E-B16C-9E7A834430F8}.Debug|Any CPU.Build.0 = Debug|Any CPU
		{761245C6-FBA4-499E-B16C-9E7A834430F8}.Release|Any CPU.ActiveCfg = Release|Any CPU
		{761245C6-FBA4-499E-B16C-9E7A834430F8}.Release|Any CPU.Build.0 = Release|Any CPU
		{0EC97C53-7374-4A8E-AC6E-CC47B6B09501}.Debug|Any CPU.ActiveCfg = Debug|Any CPU
		{0EC97C53-7374-4A8E-AC6E-CC47B6B09501}.Debug|Any CPU.Build.0 = Debug|Any CPU
		{0EC97C53-7374-4A8E-AC6E-CC47B6B09501}.Release|Any CPU.ActiveCfg = Release|Any CPU
		{0EC97C53-7374-4A8E-AC6E-CC47B6B09501}.Release|Any CPU.Build.0 = Release|Any CPU
	EndGlobalSection
	GlobalSection(SolutionProperties) = preSolution
		HideSolutionNode = FALSE
	EndGlobalSection
EndGlobal
